
Microsoft Visual Studio Solution File, Format Version 10.00
# Visual Studio 2008
Project("{F184B08F-C81C-45F6-A57F-5ABD9991F28F}") = "ABPIS", "ABPIS.vbproj", "{0CDF2BA7-FA90-47D4-828E-532251DEA4F6}"
EndProject
Project("{54435603-DBB4-11D2-8724-00A0C9A8B90C}") = "Setup1", "..\Setup1\Setup1.vdproj", "{6894DDCC-F461-4875-9311-04DFC8767FAE}"
EndProject
Global
	GlobalSection(SolutionConfigurationPlatforms) = preSolution
		Debug|Any CPU = Debug|Any CPU
		Debug|x86 = Debug|x86
		Release|Any CPU = Release|Any CPU
		Release|x86 = Release|x86
	EndGlobalSection
	GlobalSection(ProjectConfigurationPlatforms) = postSolution
		{0CDF2BA7-FA90-47D4-828E-532251DEA4F6}.Debug|Any CPU.ActiveCfg = Release|Any CPU
		{0CDF2BA7-FA90-47D4-828E-532251DEA4F6}.Debug|Any CPU.Build.0 = Release|Any CPU
		{0CDF2BA7-FA90-47D4-828E-532251DEA4F6}.Debug|x86.ActiveCfg = Debug|x86
		{0CDF2BA7-FA90-47D4-828E-532251DEA4F6}.Debug|x86.Build.0 = Debug|x86
		{0CDF2BA7-FA90-47D4-828E-532251DEA4F6}.Release|Any CPU.ActiveCfg = Release|Any CPU
		{0CDF2BA7-FA90-47D4-828E-532251DEA4F6}.Release|Any CPU.Build.0 = Release|Any CPU
		{0CDF2BA7-FA90-47D4-828E-532251DEA4F6}.Release|x86.ActiveCfg = Release|x86
		{0CDF2BA7-FA90-47D4-828E-532251DEA4F6}.Release|x86.Build.0 = Release|x86
		{6894DDCC-F461-4875-9311-04DFC8767FAE}.Debug|Any CPU.ActiveCfg = Debug
		{6894DDCC-F461-4875-9311-04DFC8767FAE}.Debug|x86.ActiveCfg = Debug
		{6894DDCC-F461-4875-9311-04DFC8767FAE}.Release|Any CPU.ActiveCfg = Release
		{6894DDCC-F461-4875-9311-04DFC8767FAE}.Release|x86.ActiveCfg = Release
	EndGlobalSection
	GlobalSection(SolutionProperties) = preSolution
		HideSolutionNode = FALSE
	EndGlobalSection
EndGlobal
